Microsoft Visual Studio Solution File, Format Version 11.00
# Visual Studio 2008

Project("{083D7F03-73EB-EA06-8741-DE3668F74BDA}") = "JackTheGiant", "Assembly-CSharp.csproj", "{D3A298DA-9474-F6FF-7793-2AEA30FD5B65}"
EndProject
Global
	GlobalSection(SolutionConfigurationPlatforms) = preSolution
		Debug|Any CPU = Debug|Any CPU
		Release|Any CPU = Release|Any CPU
	EndGlobalSection
	GlobalSection(ProjectConfigurationPlatforms) = postSolution
		{D3A298DA-9474-F6FF-7793-2AEA30FD5B65}.Debug|Any CPU.ActiveCfg = Debug|Any CPU
		{D3A298DA-9474-F6FF-7793-2AEA30FD5B65}.Debug|Any CPU.Build.0 = Debug|Any CPU
		{D3A298DA-9474-F6FF-7793-2AEA30FD5B65}.Release|Any CPU.ActiveCfg = Release|Any CPU
		{D3A298DA-9474-F6FF-7793-2AEA30FD5B65}.Release|Any CPU.Build.0 = Release|Any CPU
	EndGlobalSection
	GlobalSection(SolutionProperties) = preSolution
		HideSolutionNode = FALSE
	EndGlobalSection
	GlobalSection(MonoDevelopProperties) = preSolution
		StartupItem = Assembly-CSharp.csproj
	EndGlobalSection
EndGlobal
